
Microsoft Visual Studio Solution File, Format Version 12.00
# Visual Studio 15
VisualStudioVersion = 15.0.28307.136
MinimumVisualStudioVersion = 10.0.40219.1
Project("{FAE04EC0-301F-11D3-BF4B-00C04F79EFBC}") = "MVC 5 CRUD with EF", "MVC 5 CRUD with EF\MVC 5 CRUD with EF.csproj", "{20EC8D08-EF3C-44E3-A289-48E504504546}"
EndProject
Global
	GlobalSection(SolutionConfigurationPlatforms) = preSolution
		Debug|Any CPU = Debug|Any CPU
		Release|Any CPU = Release|Any CPU
	EndGlobalSection
	GlobalSection(ProjectConfigurationPlatforms) = postSolution
		{20EC8D08-EF3C-44E3-A289-48E504504546}.Debug|Any CPU.ActiveCfg = Debug|Any CPU
		{20EC8D08-EF3C-44E3-A289-48E504504546}.Debug|Any CPU.Build.0 = Debug|Any CPU
		{20EC8D08-EF3C-44E3-A289-48E504504546}.Release|Any CPU.ActiveCfg = Release|Any CPU
		{20EC8D08-EF3C-44E3-A289-48E504504546}.Release|Any CPU.Build.0 = Release|Any CPU
	EndGlobalSection
	GlobalSection(SolutionProperties) = preSolution
		HideSolutionNode = FALSE
	EndGlobalSection
	GlobalSection(ExtensibilityGlobals) = postSolution
		SolutionGuid = {79F234C0-5A09-407B-B81A-63DD745422DB}
	EndGlobalSection
EndGlobal
